
Microsoft Visual Studio Solution File, Format Version 12.00
# Visual Studio Version 17
VisualStudioVersion = 17.2.32519.379
MinimumVisualStudioVersion = 10.0.40219.1
Project("{2150E333-8FDC-42A3-9474-1A3956D46DE8}") = "1-Infraestrutura", "1-Infraestrutura", "{AF6A7AD0-BB40-4164-8329-24E5DE8E8B4C}"
EndProject
Project("{2150E333-8FDC-42A3-9474-1A3956D46DE8}") = "2-Aplicacao", "2-Aplicacao", "{6092D126-7409-44A6-9609-5C047DA8B41A}"
EndProject
Project("{FAE04EC0-301F-11D3-BF4B-00C04F79EFBC}") = "Dominio", "Dominio\Dominio.csproj", "{D36EB5C9-D0F0-47C3-AA61-07D9D584FC74}"
EndProject
Project("{FAE04EC0-301F-11D3-BF4B-00C04F79EFBC}") = "Infraestrutura", "Infraestrutura\Infraestrutura.csproj", "{E0A34467-75B8-4BE0-AD56-3BE3AF05B6DF}"
EndProject
Project("{FAE04EC0-301F-11D3-BF4B-00C04F79EFBC}") = "Infraestrutura.Data", "Infraestrutura.Data\Infraestrutura.Data.csproj", "{D95F04F1-6FFF-4C39-B2B5-CD69158B8F35}"
EndProject
Project("{FAE04EC0-301F-11D3-BF4B-00C04F79EFBC}") = "Aplicacao", "Aplicacao\Aplicacao.csproj", "{3B210BC1-1816-430F-BB9E-1F2B55387A39}"
EndProject
Project("{FAE04EC0-301F-11D3-BF4B-00C04F79EFBC}") = "Aplicacao.Dto", "Aplicacao.Dto\Aplicacao.Dto.csproj", "{2CBF3D9B-91B4-4CC7-AA15-07A3B2A407D5}"
EndProject
Project("{2150E333-8FDC-42A3-9474-1A3956D46DE8}") = "3-Web", "3-Web", "{63733BF4-E132-4598-A117-479CA0AE0070}"
EndProject
Project("{FAE04EC0-301F-11D3-BF4B-00C04F79EFBC}") = "Web.Api", "Web.Api\Web.Api.csproj", "{553975AE-0366-4777-A9C9-9447FC8CA70B}"
EndProject
Global
	GlobalSection(SolutionConfigurationPlatforms) = preSolution
		Debug|Any CPU = Debug|Any CPU
		Release|Any CPU = Release|Any CPU
	EndGlobalSection
	GlobalSection(ProjectConfigurationPlatforms) = postSolution
		{D36EB5C9-D0F0-47C3-AA61-07D9D584FC74}.Debug|Any CPU.ActiveCfg = Debug|Any CPU
		{D36EB5C9-D0F0-47C3-AA61-07D9D584FC74}.Debug|Any CPU.Build.0 = Debug|Any CPU
		{D36EB5C9-D0F0-47C3-AA61-07D9D584FC74}.Release|Any CPU.ActiveCfg = Release|Any CPU
		{D36EB5C9-D0F0-47C3-AA61-07D9D584FC74}.Release|Any CPU.Build.0 = Release|Any CPU
		{E0A34467-75B8-4BE0-AD56-3BE3AF05B6DF}.Debug|Any CPU.ActiveCfg = Debug|Any CPU
		{E0A34467-75B8-4BE0-AD56-3BE3AF05B6DF}.Debug|Any CPU.Build.0 = Debug|Any CPU
		{E0A34467-75B8-4BE0-AD56-3BE3AF05B6DF}.Release|Any CPU.ActiveCfg = Release|Any CPU
		{E0A34467-75B8-4BE0-AD56-3BE3AF05B6DF}.Release|Any CPU.Build.0 = Release|Any CPU
		{D95F04F1-6FFF-4C39-B2B5-CD69158B8F35}.Debug|Any CPU.ActiveCfg = Debug|Any CPU
		{D95F04F1-6FFF-4C39-B2B5-CD69158B8F35}.Debug|Any CPU.Build.0 = Debug|Any CPU
		{D95F04F1-6FFF-4C39-B2B5-CD69158B8F35}.Release|Any CPU.ActiveCfg = Release|Any CPU
		{D95F04F1-6FFF-4C39-B2B5-CD69158B8F35}.Release|Any CPU.Build.0 = Release|Any CPU
		{3B210BC1-1816-430F-BB9E-1F2B55387A39}.Debug|Any CPU.ActiveCfg = Debug|Any CPU
		{3B210BC1-1816-430F-BB9E-1F2B55387A39}.Debug|Any CPU.Build.0 = Debug|Any CPU
		{3B210BC1-1816-430F-BB9E-1F2B55387A39}.Release|Any CPU.ActiveCfg = Release|Any CPU
		{3B210BC1-1816-430F-BB9E-1F2B55387A39}.Release|Any CPU.Build.0 = Release|Any CPU
		{2CBF3D9B-91B4-4CC7-AA15-07A3B2A407D5}.Debug|Any CPU.ActiveCfg = Debug|Any CPU
		{2CBF3D9B-91B4-4CC7-AA15-07A3B2A407D5}.Debug|Any CPU.Build.0 = Debug|Any CPU
		{2CBF3D9B-91B4-4CC7-AA15-07A3B2A407D5}.Release|Any CPU.ActiveCfg = Release|Any CPU
		{2CBF3D9B-91B4-4CC7-AA15-07A3B2A407D5}.Release|Any CPU.Build.0 = Release|Any CPU
		{553975AE-0366-4777-A9C9-9447FC8CA70B}.Debug|Any CPU.ActiveCfg = Debug|Any CPU
		{553975AE-0366-4777-A9C9-9447FC8CA70B}.Debug|Any CPU.Build.0 = Debug|Any CPU
		{553975AE-0366-4777-A9C9-9447FC8CA70B}.Release|Any CPU.ActiveCfg = Release|Any CPU
		{553975AE-0366-4777-A9C9-9447FC8CA70B}.Release|Any CPU.Build.0 = Release|Any CPU
	EndGlobalSection
	GlobalSection(SolutionProperties) = preSolution
		HideSolutionNode = FALSE
	EndGlobalSection
	GlobalSection(NestedProjects) = preSolution
		{D36EB5C9-D0F0-47C3-AA61-07D9D584FC74} = {AF6A7AD0-BB40-4164-8329-24E5DE8E8B4C}
		{E0A34467-75B8-4BE0-AD56-3BE3AF05B6DF} = {AF6A7AD0-BB40-4164-8329-24E5DE8E8B4C}
		{D95F04F1-6FFF-4C39-B2B5-CD69158B8F35} = {AF6A7AD0-BB40-4164-8329-24E5DE8E8B4C}
		{3B210BC1-1816-430F-BB9E-1F2B55387A39} = {6092D126-7409-44A6-9609-5C047DA8B41A}
		{2CBF3D9B-91B4-4CC7-AA15-07A3B2A407D5} = {6092D126-7409-44A6-9609-5C047DA8B41A}
		{553975AE-0366-4777-A9C9-9447FC8CA70B} = {63733BF4-E132-4598-A117-479CA0AE0070}
	EndGlobalSection
	GlobalSection(ExtensibilityGlobals) = postSolution
		SolutionGuid = {CB934692-A426-4953-9380-0B16FA9A247E}
	EndGlobalSection
EndGlobal
